
Microsoft Visual Studio Solution File, Format Version 12.00
# Visual Studio Version 17
VisualStudioVersion = 17.8.34525.116
MinimumVisualStudioVersion = 10.0.40219.1
Project("{FAE04EC0-301F-11D3-BF4B-00C04F79EFBC}") = "LeetCode.Practice", "LeetCode.Practice\LeetCode.Practice.csproj", "{416BA773-CCFF-4839-83EF-544289BB6550}"
EndProject
Project("{FAE04EC0-301F-11D3-BF4B-00C04F79EFBC}") = "LeetCode.Practice.Tests", "LeetCode.Practice.Tests\LeetCode.Practice.Tests.csproj", "{0B973B8C-9F82-44BD-8926-517D8ACB5870}"
EndProject
Global
	GlobalSection(SolutionConfigurationPlatforms) = preSolution
		Debug|Any CPU = Debug|Any CPU
		Release|Any CPU = Release|Any CPU
	EndGlobalSection
	GlobalSection(ProjectConfigurationPlatforms) = postSolution
		{416BA773-CCFF-4839-83EF-544289BB6550}.Debug|Any CPU.ActiveCfg = Debug|Any CPU
		{416BA773-CCFF-4839-83EF-544289BB6550}.Debug|Any CPU.Build.0 = Debug|Any CPU
		{416BA773-CCFF-4839-83EF-544289BB6550}.Release|Any CPU.ActiveCfg = Release|Any CPU
		{416BA773-CCFF-4839-83EF-544289BB6550}.Release|Any CPU.Build.0 = Release|Any CPU
		{0B973B8C-9F82-44BD-8926-517D8ACB5870}.Debug|Any CPU.ActiveCfg = Debug|Any CPU
		{0B973B8C-9F82-44BD-8926-517D8ACB5870}.Debug|Any CPU.Build.0 = Debug|Any CPU
		{0B973B8C-9F82-44BD-8926-517D8ACB5870}.Release|Any CPU.ActiveCfg = Release|Any CPU
		{0B973B8C-9F82-44BD-8926-517D8ACB5870}.Release|Any CPU.Build.0 = Release|Any CPU
	EndGlobalSection
	GlobalSection(SolutionProperties) = preSolution
		HideSolutionNode = FALSE
	EndGlobalSection
	GlobalSection(ExtensibilityGlobals) = postSolution
		SolutionGuid = {80B6DD8B-563A-4348-9B9A-86CF82CE9583}
	EndGlobalSection
EndGlobal
